{
  "lockfile_version": "1",
  "packages": {
    "bat@0.26.1": {
      "last_modified": "2025-12-31T03:27:36Z",
      "resolved": "github:NixOS/nixpkgs/f665af0cdb70ed27e1bd8f9fdfecaf451260fc55#bat",
      "source": "devbox-search",
      "version": "0.26.1",
      "systems": {
        "aarch64-darwin": {
          "outputs": [
            {
              "name": "out",
              "path": "/nix/store/31hsx3rdn4jsvs7qfh6s0rdfhwwhvy6g-bat-0.26.1",
              "default": true
            }
          ],
          "store_path": "/nix/store/31hsx3rdn4jsvs7qfh6s0rdfhwwhvy6g-bat-0.26.1"
        },
        "aarch64-linux": {
          "outputs": [
            {
              "name": "out",
              "path": "/nix/store/6gs5y7mkdnn6npy2l7cmvd8idhwx9rq2-bat-0.26.1",
              "default": true
            }
          ],
          "store_path": "/nix/store/6gs5y7mkdnn6npy2l7cmvd8idhwx9rq2-bat-0.26.1"
        },
        "x86_64-darwin": {
          "outputs": [
            {
              "name": "out",
              "path": "/nix/store/8052ikd7wwfdy6lphcj24f3y4phx7jnp-bat-0.26.1",
              "default": true
            }
          ],
          "store_path": "/nix/store/8052ikd7wwfdy6lphcj24f3y4phx7jnp-bat-0.26.1"
        },
        "x86_64-linux": {
          "outputs": [
            {
              "name": "out",
              "path": "/nix/store/sxdakc675lzsyp0zjmffgchyn66g9lni-bat-0.26.1",
              "default": true
            }
          ],
          "store_path": "/nix/store/sxdakc675lzsyp0zjmffgchyn66g9lni-bat-0.26.1"
        }
      }
    },
    "colima@0.9.1": {
      "last_modified": "2025-12-31T03:27:36Z",
      "resolved": "github:NixOS/nixpkgs/f665af0cdb70ed27e1bd8f9fdfecaf451260fc55#colima",
      "source": "devbox-search",
      "version": "0.9.1",
      "systems": {
        "aarch64-darwin": {
          "outputs": [
            {
              "name": "out",
              "path": "/nix/store/l66db3izwk3ahfzwwa316w7nl5wy0pxn-colima-0.9.1",
              "default": true
            }
          ],
          "store_path": "/nix/store/l66db3izwk3ahfzwwa316w7nl5wy0pxn-colima-0.9.1"
        },
        "aarch64-linux": {
          "outputs": [
            {
              "name": "out",
              "path": "/nix/store/k9rgs0xm6jkcn37g2834qqa1sjjx2dq7-colima-0.9.1",
              "default": true
            }
          ],
          "store_path": "/nix/store/k9rgs0xm6jkcn37g2834qqa1sjjx2dq7-colima-0.9.1"
        },
        "x86_64-darwin": {
          "outputs": [
            {
              "name": "out",
              "path": "/nix/store/h5z86cc73r8wn93g57haf581lpi87fzg-colima-0.9.1",
              "default": true
            }
          ],
          "store_path": "/nix/store/h5z86cc73r8wn93g57haf581lpi87fzg-colima-0.9.1"
        },
        "x86_64-linux": {
          "outputs": [
            {
              "name": "out",
              "path": "/nix/store/45whfhk3kdbh18x3m2c95mm73i9yrj7f-colima-0.9.1",
              "default": true
            }
          ],
          "store_path": "/nix/store/45whfhk3kdbh18x3m2c95mm73i9yrj7f-colima-0.9.1"
        }
      }
    },
    "curl@8.17.0": {
      "last_modified": "2025-12-05T15:03:55Z",
      "resolved": "github:NixOS/nixpkgs/a672be65651c80d3f592a89b3945466584a22069#curl",
      "source": "devbox-search",
      "version": "8.17.0",
      "systems": {
        "aarch64-darwin": {
          "outputs": [
            {
              "name": "bin",
              "path": "/nix/store/qfwqcndy8bji6xww0gizclf2nqi2qpph-curl-8.17.0-bin",
              "default": true
            },
            {
              "name": "man",
              "path": "/nix/store/rk815zvrhwzbi7c6d589v2mhxzyzb400-curl-8.17.0-man",
              "default": true
            },
            {
              "name": "dev",
              "path": "/nix/store/ydp55g2mbd6rk6lfw0krkk3jwgdiqj5d-curl-8.17.0-dev"
            },
            {
              "name": "devdoc",
              "path": "/nix/store/8s884m82fmrbiyz8malglqc4sd632dkc-curl-8.17.0-devdoc"
            },
            {
              "name": "out",
              "path": "/nix/store/yxv8fxaz0fyhc31dv3rz89kc50zw5hgj-curl-8.17.0"
            }
          ],
          "store_path": "/nix/store/qfwqcndy8bji6xww0gizclf2nqi2qpph-curl-8.17.0-bin"
        },
        "aarch64-linux": {
          "outputs": [
            {
              "name": "bin",
              "path": "/nix/store/4x19j6zihdl6pya63xs8g360f2r614sx-curl-8.17.0-bin",
              "default": true
            },
            {
              "name": "man",
              "path": "/nix/store/b29qbmbfvzkm34k0jnj8ykqg2gzj3rdy-curl-8.17.0-man",
              "default": true
            },
            {
              "name": "debug",
              "path": "/nix/store/5hmbdk99knmbg8b0fzh96bv6bkcf6v5i-curl-8.17.0-debug"
            },
            {
              "name": "dev",
              "path": "/nix/store/iqs9mjscns3h5npgkrhgr5xa7qzwd0si-curl-8.17.0-dev"
            },
            {
              "name": "devdoc",
              "path": "/nix/store/1fwncv08c8g78k3hj3cj375vx92ndrp8-curl-8.17.0-devdoc"
            },
            {
              "name": "out",
              "path": "/nix/store/b0a6qc92vybjiggh0kg387cg0zp3kl6j-curl-8.17.0"
            }
          ],
          "store_path": "/nix/store/4x19j6zihdl6pya63xs8g360f2r614sx-curl-8.17.0-bin"
        },
        "x86_64-darwin": {
          "outputs": [
            {
              "name": "bin",
              "path": "/nix/store/w2336wv560g1n58cwashmmczdn3bfkq1-curl-8.17.0-bin",
              "default": true
            },
            {
              "name": "man",
              "path": "/nix/store/i6xmhcan8g4abda7ivv20nvwxrsssjqj-curl-8.17.0-man",
              "default": true
            },
            {
              "name": "devdoc",
              "path": "/nix/store/ipa7v9z7pjcnnv0fmdya1fldcxv0a28z-curl-8.17.0-devdoc"
            },
            {
              "name": "out",
              "path": "/nix/store/x9gyg634fi8mgcyay9mqa1ral7xg72fm-curl-8.17.0"
            },
            {
              "name": "dev",
              "path": "/nix/store/39zfdgq9kg3mb4sycf8pj4pdssrzki6c-curl-8.17.0-dev"
            }
          ],
          "store_path": "/nix/store/w2336wv560g1n58cwashmmczdn3bfkq1-curl-8.17.0-bin"
        },
        "x86_64-linux": {
          "outputs": [
            {
              "name": "bin",
              "path": "/nix/store/0rfz69vp1nl0q2hxzig20hc60sk72z62-curl-8.17.0-bin",
              "default": true
            },
            {
              "name": "man",
              "path": "/nix/store/ijd0yybyzwm98d3q6x7a9cyixgxk0i5d-curl-8.17.0-man",
              "default": true
            },
            {
              "name": "debug",
              "path": "/nix/store/h1fxw0xrifxvbhcp7b8hxsgirxxxfzav-curl-8.17.0-debug"
            },
            {
              "name": "dev",
              "path": "/nix/store/ikmdk37frjdblkba3wl3xws2wwgln17x-curl-8.17.0-dev"
            },
            {
              "name": "devdoc",
              "path": "/nix/store/jm6irg81cc0hqg43l39lkxr6pb0w2xk5-curl-8.17.0-devdoc"
            },
            {
              "name": "out",
              "path": "/nix/store/8idis3j5l13c3x74jl8xly0k4qyk9mx6-curl-8.17.0"
            }
          ],
          "store_path": "/nix/store/0rfz69vp1nl0q2hxzig20hc60sk72z62-curl-8.17.0-bin"
        }
      }
    },
    "dbmate@2.28.0": {
      "last_modified": "2025-11-23T21:50:36Z",
      "resolved": "github:NixOS/nixpkgs/ee09932cedcef15aaf476f9343d1dea2cb77e261#dbmate",
      "source": "devbox-search",
      "version": "2.28.0",
      "systems": {
        "aarch64-darwin": {
          "outputs": [
            {
              "name": "out",
              "path": "/nix/store/vxna5scjwg8bcy646cky21v7lr7ibccn-dbmate-2.28.0",
              "default": true
            }
          ],
          "store_path": "/nix/store/vxna5scjwg8bcy646cky21v7lr7ibccn-dbmate-2.28.0"
        },
        "aarch64-linux": {
          "outputs": [
            {
              "name": "out",
              "path": "/nix/store/m0v300hizasx3i7hx10iwmlhswwx5z5a-dbmate-2.28.0",
              "default": true
            }
          ],
          "store_path": "/nix/store/m0v300hizasx3i7hx10iwmlhswwx5z5a-dbmate-2.28.0"
        },
        "x86_64-darwin": {
          "outputs": [
            {
              "name": "out",
              "path": "/nix/store/865wr3965d0wr7ka7qa8igd46l3h6hj3-dbmate-2.28.0",
              "default": true
            }
          ],
          "store_path": "/nix/store/865wr3965d0wr7ka7qa8igd46l3h6hj3-dbmate-2.28.0"
        },
        "x86_64-linux": {
          "outputs": [
            {
              "name": "out",
              "path": "/nix/store/sg9r0ha1hg6lnxphq192mx9gh94vhis7-dbmate-2.28.0",
              "default": true
            }
          ],
          "store_path": "/nix/store/sg9r0ha1hg6lnxphq192mx9gh94vhis7-dbmate-2.28.0"
        }
      }
    },
    "docker-client@29.1.3": {
      "last_modified": "2025-12-31T03:27:36Z",
      "resolved": "github:NixOS/nixpkgs/f665af0cdb70ed27e1bd8f9fdfecaf451260fc55#docker-client",
      "source": "devbox-search",
      "version": "29.1.3",
      "systems": {
        "aarch64-darwin": {
          "outputs": [
            {
              "name": "out",
              "path": "/nix/store/xaysfh8xlwd9ikjadgm12zhgi66nbdf3-docker-29.1.3",
              "default": true
            }
          ],
          "store_path": "/nix/store/xaysfh8xlwd9ikjadgm12zhgi66nbdf3-docker-29.1.3"
        },
        "aarch64-linux": {
          "outputs": [
            {
              "name": "out",
              "path": "/nix/store/fhdric4k8a42imvkdznjrdx1wgx7aixz-docker-29.1.3",
              "default": true
            }
          ],
          "store_path": "/nix/store/fhdric4k8a42imvkdznjrdx1wgx7aixz-docker-29.1.3"
        },
        "x86_64-darwin": {
          "outputs": [
            {
              "name": "out",
              "path": "/nix/store/c92lg5xhdm6v2kmbbczbn83cs46m8ghc-docker-29.1.3",
              "default": true
            }
          ],
          "store_path": "/nix/store/c92lg5xhdm6v2kmbbczbn83cs46m8ghc-docker-29.1.3"
        },
        "x86_64-linux": {
          "outputs": [
            {
              "name": "out",
              "path": "/nix/store/yhqgks2jk4my6hb68vgfldv1fh85bga0-docker-29.1.3",
              "default": true
            }
          ],
          "store_path": "/nix/store/yhqgks2jk4my6hb68vgfldv1fh85bga0-docker-29.1.3"
        }
      }
    },
    "docker-compose@5.0.0": {
      "last_modified": "2025-12-31T03:27:36Z",
      "resolved": "github:NixOS/nixpkgs/f665af0cdb70ed27e1bd8f9fdfecaf451260fc55#docker-compose",
      "source": "devbox-search",
      "version": "5.0.0",
      "systems": {
        "aarch64-darwin": {
          "outputs": [
            {
              "name": "out",
              "path": "/nix/store/3hjslnqyk2fz0f0b0x7n26myrcn796jp-docker-compose-5.0.0",
              "default": true
            }
          ],
          "store_path": "/nix/store/3hjslnqyk2fz0f0b0x7n26myrcn796jp-docker-compose-5.0.0"
        },
        "aarch64-linux": {
          "outputs": [
            {
              "name": "out",
              "path": "/nix/store/llayv5nw1sphdic8fngdfzgk9m4czghw-docker-compose-5.0.0",
              "default": true
            }
          ],
          "store_path": "/nix/store/llayv5nw1sphdic8fngdfzgk9m4czghw-docker-compose-5.0.0"
        },
        "x86_64-darwin": {
          "outputs": [
            {
              "name": "out",
              "path": "/nix/store/zpchdqbwpcq442lc0c1iyk9kgbkszww5-docker-compose-5.0.0",
              "default": true
            }
          ],
          "store_path": "/nix/store/zpchdqbwpcq442lc0c1iyk9kgbkszww5-docker-compose-5.0.0"
        },
        "x86_64-linux": {
          "outputs": [
            {
              "name": "out",
              "path": "/nix/store/2d9r99ykyfj6677f1hyjw7lmlxpik6l0-docker-compose-5.0.0",
              "default": true
            }
          ],
          "store_path": "/nix/store/2d9r99ykyfj6677f1hyjw7lmlxpik6l0-docker-compose-5.0.0"
        }
      }
    },
    "git@2.52.0": {
      "last_modified": "2025-12-31T03:27:36Z",
      "resolved": "github:NixOS/nixpkgs/f665af0cdb70ed27e1bd8f9fdfecaf451260fc55#git",
      "source": "devbox-search",
      "version": "2.52.0",
      "systems": {
        "aarch64-darwin": {
          "outputs": [
            {
              "name": "out",
              "path": "/nix/store/1xy62wrp3m91snd3cazxgg0yrplb6sav-git-2.52.0",
              "default": true
            },
            {
              "name": "doc",
              "path": "/nix/store/1518yqnr4z0p65jfv8skw2qwc30ad5la-git-2.52.0-doc"
            }
          ],
          "store_path": "/nix/store/1xy62wrp3m91snd3cazxgg0yrplb6sav-git-2.52.0"
        },
        "aarch64-linux": {
          "outputs": [
            {
              "name": "out",
              "path": "/nix/store/mfbr42w740arf759n51nhki221lang5z-git-2.52.0",
              "default": true
            },
            {
              "name": "doc",
              "path": "/nix/store/lm1plgvh8qlv0amm8wiz8l00ky298hws-git-2.52.0-doc"
            },
            {
              "name": "debug",
              "path": "/nix/store/q0lq2fczq1y9q9028k4ripf38mfy3n42-git-2.52.0-debug"
            }
          ],
          "store_path": "/nix/store/mfbr42w740arf759n51nhki221lang5z-git-2.52.0"
        },
        "x86_64-darwin": {
          "outputs": [
            {
              "name": "out",
              "path": "/nix/store/0lxp1s4hb0xb0di1a5jg08rr8hk0cvz8-git-2.52.0",
              "default": true
            },
            {
              "name": "doc",
              "path": "/nix/store/a9903b6q3clvx61l8drkpr262fb5qmik-git-2.52.0-doc"
            }
          ],
          "store_path": "/nix/store/0lxp1s4hb0xb0di1a5jg08rr8hk0cvz8-git-2.52.0"
        },
        "x86_64-linux": {
          "outputs": [
            {
              "name": "out",
              "path": "/nix/store/fryiyyhhilpqhx2wc4b6l5gnxc8w18rg-git-2.52.0",
              "default": true
            },
            {
              "name": "debug",
              "path": "/nix/store/q6m51s4q8kddlh9b9rb63v1yqvlv3xgp-git-2.52.0-debug"
            },
            {
              "name": "doc",
              "path": "/nix/store/n4zq81winwf8d5y2ra7fjznwl6cnhggz-git-2.52.0-doc"
            }
          ],
          "store_path": "/nix/store/fryiyyhhilpqhx2wc4b6l5gnxc8w18rg-git-2.52.0"
        }
      }
    },
    "github:NixOS/nixpkgs/nixpkgs-unstable": {
      "last_modified": "2025-12-27T21:13:36Z",
      "resolved": "github:NixOS/nixpkgs/5c2bc52fb9f8c264ed6c93bd20afa2ff5e763dce?lastModified=1766870016&narHash=sha256-fHmxAesa6XNqnIkcS6%2BnIHuEmgd%2FiZSP%2FVXxweiEuQw%3D"
    },
    "go-task@3.45.5": {
      "last_modified": "2025-12-31T03:27:36Z",
      "resolved": "github:NixOS/nixpkgs/f665af0cdb70ed27e1bd8f9fdfecaf451260fc55#go-task",
      "source": "devbox-search",
      "version": "3.45.5",
      "systems": {
        "aarch64-darwin": {
          "outputs": [
            {
              "name": "out",
              "path": "/nix/store/9ybcllfqylj7a7w42kiw9vqwd941s5lw-go-task-3.45.5",
              "default": true
            }
          ],
          "store_path": "/nix/store/9ybcllfqylj7a7w42kiw9vqwd941s5lw-go-task-3.45.5"
        },
        "aarch64-linux": {
          "outputs": [
            {
              "name": "out",
              "path": "/nix/store/xiyrhd65ya9ynf3mrvb9kfg00x7nf1m6-go-task-3.45.5",
              "default": true
            }
          ],
          "store_path": "/nix/store/xiyrhd65ya9ynf3mrvb9kfg00x7nf1m6-go-task-3.45.5"
        },
        "x86_64-darwin": {
          "outputs": [
            {
              "name": "out",
              "path": "/nix/store/znxnsk6k9ar637pi2dimrxmijqq0lf0b-go-task-3.45.5",
              "default": true
            }
          ],
          "store_path": "/nix/store/znxnsk6k9ar637pi2dimrxmijqq0lf0b-go-task-3.45.5"
        },
        "x86_64-linux": {
          "outputs": [
            {
              "name": "out",
              "path": "/nix/store/w2hq0and0k2v1l4fbfsa6r4sadvixhsg-go-task-3.45.5",
              "default": true
            }
          ],
          "store_path": "/nix/store/w2hq0and0k2v1l4fbfsa6r4sadvixhsg-go-task-3.45.5"
        }
      }
    },
    "go@1.25.0": {
      "last_modified": "2025-09-18T16:33:27Z",
      "resolved": "github:NixOS/nixpkgs/f4b140d5b253f5e2a1ff4e5506edbf8267724bde#go",
      "source": "devbox-search",
      "version": "1.25.0",
      "systems": {
        "aarch64-darwin": {
          "outputs": [
            {
              "name": "out",
              "path": "/nix/store/cr196bvbbai01r0w11p1inkzkdrqdx6y-go-1.25.0",
              "default": true
            }
          ],
          "store_path": "/nix/store/cr196bvbbai01r0w11p1inkzkdrqdx6y-go-1.25.0"
        },
        "aarch64-linux": {
          "outputs": [
            {
              "name": "out",
              "path": "/nix/store/yhcdwwikp86p2cpq0qr7di91ji63460s-go-1.25.0",
              "default": true
            }
          ],
          "store_path": "/nix/store/yhcdwwikp86p2cpq0qr7di91ji63460s-go-1.25.0"
        },
        "x86_64-darwin": {
          "outputs": [
            {
              "name": "out",
              "path": "/nix/store/hz7dfw13v8iff4vf6vbnqnlnd7wh7j5x-go-1.25.0",
              "default": true
            }
          ],
          "store_path": "/nix/store/hz7dfw13v8iff4vf6vbnqnlnd7wh7j5x-go-1.25.0"
        },
        "x86_64-linux": {
          "outputs": [
            {
              "name": "out",
              "path": "/nix/store/3fd683jfggglpshxprz9mi5sz8wd3c9p-go-1.25.0",
              "default": true
            }
          ],
          "store_path": "/nix/store/3fd683jfggglpshxprz9mi5sz8wd3c9p-go-1.25.0"
        }
      }
    },
    "golangci-lint@2.7.2": {
      "last_modified": "2025-12-31T03:27:36Z",
      "resolved": "github:NixOS/nixpkgs/f665af0cdb70ed27e1bd8f9fdfecaf451260fc55#golangci-lint",
      "source": "devbox-search",
      "version": "2.7.2",
      "systems": {
        "aarch64-darwin": {
          "outputs": [
            {
              "name": "out",
              "path": "/nix/store/ysbphh6mli3npxvzb9p30nwyp213mlq3-golangci-lint-2.7.2",
              "default": true
            }
          ],
          "store_path": "/nix/store/ysbphh6mli3npxvzb9p30nwyp213mlq3-golangci-lint-2.7.2"
        },
        "aarch64-linux": {
          "outputs": [
            {
              "name": "out",
              "path": "/nix/store/vhp9hkr55yrgpvl9l04h3clgqlhsb4zy-golangci-lint-2.7.2",
              "default": true
            }
          ],
          "store_path": "/nix/store/vhp9hkr55yrgpvl9l04h3clgqlhsb4zy-golangci-lint-2.7.2"
        },
        "x86_64-darwin": {
          "outputs": [
            {
              "name": "out",
              "path": "/nix/store/4l0i40g6xkbfnhfgdf83npk0d0v033yc-golangci-lint-2.7.2",
              "default": true
            }
          ],
          "store_path": "/nix/store/4l0i40g6xkbfnhfgdf83npk0d0v033yc-golangci-lint-2.7.2"
        },
        "x86_64-linux": {
          "outputs": [
            {
              "name": "out",
              "path": "/nix/store/q983imcmzczmzgj58k0xwn9kkn3f87jj-golangci-lint-2.7.2",
              "default": true
            }
          ],
          "store_path": "/nix/store/q983imcmzczmzgj58k0xwn9kkn3f87jj-golangci-lint-2.7.2"
        }
      }
    },
    "jq@1.8.1": {
      "last_modified": "2026-01-02T14:39:32Z",
      "resolved": "github:NixOS/nixpkgs/16c7794d0a28b5a37904d55bcca36003b9109aaa#jq",
      "source": "devbox-search",
      "version": "1.8.1",
      "systems": {
        "aarch64-darwin": {
          "outputs": [
            {
              "name": "bin",
              "path": "/nix/store/9rm6fm3zq1jq8rgsx528cw8wkmfya2gf-jq-1.8.1-bin",
              "default": true
            },
            {
              "name": "man",
              "path": "/nix/store/cv999saj62xhq7xv5i7q6944vljykfmw-jq-1.8.1-man",
              "default": true
            },
            {
              "name": "out",
              "path": "/nix/store/g371yvjasdr552v98p5kav7n35s1dfib-jq-1.8.1"
            },
            {
              "name": "dev",
              "path": "/nix/store/5camppj4hz2mgkdbxs0kr6nvh6qa65wf-jq-1.8.1-dev"
            },
            {
              "name": "doc",
              "path": "/nix/store/lak094rhhxlaj1qycadmxyfphgjadj5r-jq-1.8.1-doc"
            }
          ],
          "store_path": "/nix/store/9rm6fm3zq1jq8rgsx528cw8wkmfya2gf-jq-1.8.1-bin"
        },
        "aarch64-linux": {
          "outputs": [
            {
              "name": "bin",
              "path": "/nix/store/m8qv4g54q3jmjb8i33v9lljcwhydx2vd-jq-1.8.1-bin",
              "default": true
            },
            {
              "name": "man",
              "path": "/nix/store/9x2457g76jikfy7xq4mjqwzl8iz3zvxj-jq-1.8.1-man",
              "default": true
            },
            {
              "name": "out",
              "path": "/nix/store/16lg603jzppwjanlakcak1ais69mkd03-jq-1.8.1"
            },
            {
              "name": "dev",
              "path": "/nix/store/5ykn83b3hhvnnq0p5vqgcrzihrl9wpsl-jq-1.8.1-dev"
            },
            {
              "name": "doc",
              "path": "/nix/store/37ypy1595g6rj3cymh1mpk2b25fx40g7-jq-1.8.1-doc"
            }
          ],
          "store_path": "/nix/store/m8qv4g54q3jmjb8i33v9lljcwhydx2vd-jq-1.8.1-bin"
        },
        "x86_64-darwin": {
          "outputs": [
            {
              "name": "bin",
              "path": "/nix/store/kkb17whpkdrmn9g3gk7y6l69vipxsw0i-jq-1.8.1-bin",
              "default": true
            },
            {
              "name": "man",
              "path": "/nix/store/iwr61wi83kflqvz8j5nf7ridaqq6nh2w-jq-1.8.1-man",
              "default": true
            },
            {
              "name": "out",
              "path": "/nix/store/ri930a557685c64bdh88a5031i7hx3vy-jq-1.8.1"
            },
            {
              "name": "dev",
              "path": "/nix/store/lypnqs272644l8ff6wfji9rg5jw10v7h-jq-1.8.1-dev"
            },
            {
              "name": "doc",
              "path": "/nix/store/nyw97c4pywfcqqap5hyk9xjghczlbshl-jq-1.8.1-doc"
            }
          ],
          "store_path": "/nix/store/kkb17whpkdrmn9g3gk7y6l69vipxsw0i-jq-1.8.1-bin"
        },
        "x86_64-linux": {
          "outputs": [
            {
              "name": "bin",
              "path": "/nix/store/zssasryipb2x4gk2ahzacl4mvvcmk48j-jq-1.8.1-bin",
              "default": true
            },
            {
              "name": "man",
              "path": "/nix/store/7d4pv1iymyqk2lykwj1ydml3rjhc6gl3-jq-1.8.1-man",
              "default": true
            },
            {
              "name": "out",
              "path": "/nix/store/807g765zgpmp1c8fm5y40rw2gbr1k6dk-jq-1.8.1"
            },
            {
              "name": "dev",
              "path": "/nix/store/rmxxm5jnxq93kvkhbr2b3hzj6v3ldp8z-jq-1.8.1-dev"
            },
            {
              "name": "doc",
              "path": "/nix/store/mkhfvc69grlky3iblibkw9wcc12jcdqq-jq-1.8.1-doc"
            }
          ],
          "store_path": "/nix/store/zssasryipb2x4gk2ahzacl4mvvcmk48j-jq-1.8.1-bin"
        }
      }
    }
  }
}
